
Microsoft Visual Studio Solution File, Format Version 12.00
# Visual Studio Version 17
VisualStudioVersion = 17.12.35521.163 d17.12
MinimumVisualStudioVersion = 10.0.40219.1
Project("{FAE04EC0-301F-11D3-BF4B-00C04F79EFBC}") = "BasicCrudApp.Domain", "BasicCrudApp.Domain\BasicCrudApp.Domain.csproj", "{416B73D2-ADAE-4805-B1BE-F5C3CCA4D1AD}"
EndProject
Project("{FAE04EC0-301F-11D3-BF4B-00C04F79EFBC}") = "BasicCrudApp.Data", "BasicCrudApp.Data\BasicCrudApp.Data.csproj", "{09CAE29D-DC71-436A-B8F7-C7C7EAE9DD92}"
EndProject
Project("{FAE04EC0-301F-11D3-BF4B-00C04F79EFBC}") = "BasicCrudApp.Service", "BasicCrudApp.Service\BasicCrudApp.Service.csproj", "{E3B9B8C7-B8BA-4C16-8F08-9F55B3A5D597}"
EndProject
Project("{FAE04EC0-301F-11D3-BF4B-00C04F79EFBC}") = "BasicCrudApp.API", "BasicCrudApp.API\BasicCrudApp.API.csproj", "{AE110700-609C-497D-A04F-DF72827AAF3D}"
EndProject
Global
	GlobalSection(SolutionConfigurationPlatforms) = preSolution
		Debug|Any CPU = Debug|Any CPU
		Release|Any CPU = Release|Any CPU
	EndGlobalSection
	GlobalSection(ProjectConfigurationPlatforms) = postSolution
		{416B73D2-ADAE-4805-B1BE-F5C3CCA4D1AD}.Debug|Any CPU.ActiveCfg = Debug|Any CPU
		{416B73D2-ADAE-4805-B1BE-F5C3CCA4D1AD}.Debug|Any CPU.Build.0 = Debug|Any CPU
		{416B73D2-ADAE-4805-B1BE-F5C3CCA4D1AD}.Release|Any CPU.ActiveCfg = Release|Any CPU
		{416B73D2-ADAE-4805-B1BE-F5C3CCA4D1AD}.Release|Any CPU.Build.0 = Release|Any CPU
		{09CAE29D-DC71-436A-B8F7-C7C7EAE9DD92}.Debug|Any CPU.ActiveCfg = Debug|Any CPU
		{09CAE29D-DC71-436A-B8F7-C7C7EAE9DD92}.Debug|Any CPU.Build.0 = Debug|Any CPU
		{09CAE29D-DC71-436A-B8F7-C7C7EAE9DD92}.Release|Any CPU.ActiveCfg = Release|Any CPU
		{09CAE29D-DC71-436A-B8F7-C7C7EAE9DD92}.Release|Any CPU.Build.0 = Release|Any CPU
		{E3B9B8C7-B8BA-4C16-8F08-9F55B3A5D597}.Debug|Any CPU.ActiveCfg = Debug|Any CPU
		{E3B9B8C7-B8BA-4C16-8F08-9F55B3A5D597}.Debug|Any CPU.Build.0 = Debug|Any CPU
		{E3B9B8C7-B8BA-4C16-8F08-9F55B3A5D597}.Release|Any CPU.ActiveCfg = Release|Any CPU
		{E3B9B8C7-B8BA-4C16-8F08-9F55B3A5D597}.Release|Any CPU.Build.0 = Release|Any CPU
		{AE110700-609C-497D-A04F-DF72827AAF3D}.Debug|Any CPU.ActiveCfg = Debug|Any CPU
		{AE110700-609C-497D-A04F-DF72827AAF3D}.Debug|Any CPU.Build.0 = Debug|Any CPU
		{AE110700-609C-497D-A04F-DF72827AAF3D}.Release|Any CPU.ActiveCfg = Release|Any CPU
		{AE110700-609C-497D-A04F-DF72827AAF3D}.Release|Any CPU.Build.0 = Release|Any CPU
	EndGlobalSection
	GlobalSection(SolutionProperties) = preSolution
		HideSolutionNode = FALSE
	EndGlobalSection
EndGlobal
